
Microsoft Visual Studio Solution File, Format Version 12.00
# Visual Studio Version 17
VisualStudioVersion = 17.7.34031.279
MinimumVisualStudioVersion = 10.0.40219.1
Project("{FAE04EC0-301F-11D3-BF4B-00C04F79EFBC}") = "CRUD", "CRUD\CRUD.csproj", "{5558BF6C-896A-45E6-B859-D951DF3F1CA0}"
EndProject
Global
	GlobalSection(SolutionConfigurationPlatforms) = preSolution
		Debug|Any CPU = Debug|Any CPU
		Release|Any CPU = Release|Any CPU
	EndGlobalSection
	GlobalSection(ProjectConfigurationPlatforms) = postSolution
		{5558BF6C-896A-45E6-B859-D951DF3F1CA0}.Debug|Any CPU.ActiveCfg = Debug|Any CPU
		{5558BF6C-896A-45E6-B859-D951DF3F1CA0}.Debug|Any CPU.Build.0 = Debug|Any CPU
		{5558BF6C-896A-45E6-B859-D951DF3F1CA0}.Release|Any CPU.ActiveCfg = Release|Any CPU
		{5558BF6C-896A-45E6-B859-D951DF3F1CA0}.Release|Any CPU.Build.0 = Release|Any CPU
	EndGlobalSection
	GlobalSection(SolutionProperties) = preSolution
		HideSolutionNode = FALSE
	EndGlobalSection
	GlobalSection(ExtensibilityGlobals) = postSolution
		SolutionGuid = {4E5397CA-083E-4706-B5E9-B8CA8DA734B6}
	EndGlobalSection
EndGlobal
